
Microsoft Visual Studio Solution File, Format Version 12.00
# Visual Studio Version 16
VisualStudioVersion = 16.0.31702.278
MinimumVisualStudioVersion = 10.0.40219.1
Project("{FAE04EC0-301F-11D3-BF4B-00C04F79EFBC}") = "WebApi", "WebApi.csproj", "{A7D6FCD3-5B36-4CF6-8527-7255C5054EB7}"
EndProject
Global
	GlobalSection(SolutionConfigurationPlatforms) = preSolution
		Debug|Any CPU = Debug|Any CPU
		Release|Any CPU = Release|Any CPU
	EndGlobalSection
	GlobalSection(ProjectConfigurationPlatforms) = postSolution
		{A7D6FCD3-5B36-4CF6-8527-7255C5054EB7}.Debug|Any CPU.ActiveCfg = Debug|Any CPU
		{A7D6FCD3-5B36-4CF6-8527-7255C5054EB7}.Debug|Any CPU.Build.0 = Debug|Any CPU
		{A7D6FCD3-5B36-4CF6-8527-7255C5054EB7}.Release|Any CPU.ActiveCfg = Release|Any CPU
		{A7D6FCD3-5B36-4CF6-8527-7255C5054EB7}.Release|Any CPU.Build.0 = Release|Any CPU
	EndGlobalSection
	GlobalSection(SolutionProperties) = preSolution
		HideSolutionNode = FALSE
	EndGlobalSection
	GlobalSection(ExtensibilityGlobals) = postSolution
		SolutionGuid = {B2F12968-2727-4740-B424-B88E315B5CF8}
	EndGlobalSection
EndGlobal
